
Microsoft Visual Studio Solution File, Format Version 12.00
# Visual Studio 2012
Project("{FAE04EC0-301F-11D3-BF4B-00C04F79EFBC}") = "PubsDBExample", "PubsDBExample.csproj", "{CAAAAE8E-FE83-416D-B71A-40607DF9BBF9}"
EndProject
Global
	GlobalSection(SolutionConfigurationPlatforms) = preSolution
		Debug|Any CPU = Debug|Any CPU
		Release|Any CPU = Release|Any CPU
	EndGlobalSection
	GlobalSection(ProjectConfigurationPlatforms) = postSolution
		{CAAAAE8E-FE83-416D-B71A-40607DF9BBF9}.Debug|Any CPU.ActiveCfg = Debug|Any CPU
		{CAAAAE8E-FE83-416D-B71A-40607DF9BBF9}.Debug|Any CPU.Build.0 = Debug|Any CPU
		{CAAAAE8E-FE83-416D-B71A-40607DF9BBF9}.Release|Any CPU.ActiveCfg = Release|Any CPU
		{CAAAAE8E-FE83-416D-B71A-40607DF9BBF9}.Release|Any CPU.Build.0 = Release|Any CPU
	EndGlobalSection
	GlobalSection(SolutionProperties) = preSolution
		HideSolutionNode = FALSE
	EndGlobalSection
EndGlobal
