
Microsoft Visual Studio Solution File, Format Version 12.00
# Visual Studio 15
VisualStudioVersion = 15.0.26430.4
MinimumVisualStudioVersion = 10.0.40219.1
Project("{FAE04EC0-301F-11D3-BF4B-00C04F79EFBC}") = "DataSet-1-Using", "DataSet-Using\DataSet-1-Using.csproj", "{2FA0287A-A211-4AA1-BE25-B0BEDADE6D0E}"
EndProject
Project("{FAE04EC0-301F-11D3-BF4B-00C04F79EFBC}") = "SQLAdapter_1", "SQLAdapter_1\SQLAdapter_1.csproj", "{29000692-BDC3-43D1-B000-36CE49399388}"
EndProject
Project("{FAE04EC0-301F-11D3-BF4B-00C04F79EFBC}") = "DataReader_1", "DataReader_1\DataReader_1.csproj", "{B2553C96-7004-4398-8001-A9ED2D2E10B2}"
EndProject
Project("{FAE04EC0-301F-11D3-BF4B-00C04F79EFBC}") = "DataSet-2", "DataSet-2\DataSet-2.csproj", "{44E4BD19-458D-4717-B929-747A84F32443}"
EndProject
Project("{FAE04EC0-301F-11D3-BF4B-00C04F79EFBC}") = "ExecuteNonScalar", "ExecuteNonScalar\ExecuteNonScalar.csproj", "{79A14453-15E7-4471-A99D-195C4155E81F}"
EndProject
Project("{FAE04EC0-301F-11D3-BF4B-00C04F79EFBC}") = "WriteToXML", "WriteToXML\WriteToXML.csproj", "{0B7124B4-B611-4822-85F1-039F314AF745}"
EndProject
Project("{FAE04EC0-301F-11D3-BF4B-00C04F79EFBC}") = "ExecuteNonQuery", "ExecuteNonQuery\ExecuteNonQuery.csproj", "{CF924546-CEF5-4F7A-B5C6-A708E5F8E670}"
EndProject
Project("{FAE04EC0-301F-11D3-BF4B-00C04F79EFBC}") = "ExecuteStoreProc", "ExecuteStoreProc\ExecuteStoreProc.csproj", "{F298B4DF-382A-4529-8C20-732438DC7E3D}"
EndProject
Project("{FAE04EC0-301F-11D3-BF4B-00C04F79EFBC}") = "InsertParams", "InsertParams\InsertParams.csproj", "{89D779DE-1A22-4894-8E92-16B6D0291219}"
EndProject
Project("{FAE04EC0-301F-11D3-BF4B-00C04F79EFBC}") = "AddressBook", "AddressBook\AddressBook.csproj", "{EB8DCC8F-77EB-498B-A662-6A79A6DF4F13}"
EndProject
Project("{FAE04EC0-301F-11D3-BF4B-00C04F79EFBC}") = "1-SimpleExample", "1-SimpleExample\1-SimpleExample.csproj", "{5D5C7825-97B5-463A-A8D5-ED7A4C2B8D32}"
EndProject
Project("{FAE04EC0-301F-11D3-BF4B-00C04F79EFBC}") = "2-ReaderWithParams", "2-ReaderWithParams\2-ReaderWithParams.csproj", "{AF63B854-405A-4A3A-BD3C-93D88C903B92}"
EndProject
Project("{FAE04EC0-301F-11D3-BF4B-00C04F79EFBC}") = "DataSet-3", "DataSet-3\DataSet-3.csproj", "{BA91EFBC-7DAC-4AA3-BC23-AFDF4860ACEA}"
EndProject
Project("{FAE04EC0-301F-11D3-BF4B-00C04F79EFBC}") = "20-StoredProcedureUpdate", "20-StoredProcedureUpdate\20-StoredProcedureUpdate.csproj", "{1A862A62-FE9A-4E92-8197-7895C78B10A1}"
EndProject
Project("{FAE04EC0-301F-11D3-BF4B-00C04F79EFBC}") = "ExecuteStoredProc-2", "ExecuteStoredProc-2\ExecuteStoredProc-2.csproj", "{B1A077C8-1433-4DB7-989D-9F0165FC28A4}"
EndProject
Global
	GlobalSection(SolutionConfigurationPlatforms) = preSolution
		Debug|Any CPU = Debug|Any CPU
		Release|Any CPU = Release|Any CPU
	EndGlobalSection
	GlobalSection(ProjectConfigurationPlatforms) = postSolution
		{2FA0287A-A211-4AA1-BE25-B0BEDADE6D0E}.Debug|Any CPU.ActiveCfg = Debug|Any CPU
		{2FA0287A-A211-4AA1-BE25-B0BEDADE6D0E}.Debug|Any CPU.Build.0 = Debug|Any CPU
		{2FA0287A-A211-4AA1-BE25-B0BEDADE6D0E}.Release|Any CPU.ActiveCfg = Release|Any CPU
		{2FA0287A-A211-4AA1-BE25-B0BEDADE6D0E}.Release|Any CPU.Build.0 = Release|Any CPU
		{29000692-BDC3-43D1-B000-36CE49399388}.Debug|Any CPU.ActiveCfg = Debug|Any CPU
		{29000692-BDC3-43D1-B000-36CE49399388}.Debug|Any CPU.Build.0 = Debug|Any CPU
		{29000692-BDC3-43D1-B000-36CE49399388}.Release|Any CPU.ActiveCfg = Release|Any CPU
		{29000692-BDC3-43D1-B000-36CE49399388}.Release|Any CPU.Build.0 = Release|Any CPU
		{B2553C96-7004-4398-8001-A9ED2D2E10B2}.Debug|Any CPU.ActiveCfg = Debug|Any CPU
		{B2553C96-7004-4398-8001-A9ED2D2E10B2}.Debug|Any CPU.Build.0 = Debug|Any CPU
		{B2553C96-7004-4398-8001-A9ED2D2E10B2}.Release|Any CPU.ActiveCfg = Release|Any CPU
		{B2553C96-7004-4398-8001-A9ED2D2E10B2}.Release|Any CPU.Build.0 = Release|Any CPU
		{44E4BD19-458D-4717-B929-747A84F32443}.Debug|Any CPU.ActiveCfg = Debug|Any CPU
		{44E4BD19-458D-4717-B929-747A84F32443}.Debug|Any CPU.Build.0 = Debug|Any CPU
		{44E4BD19-458D-4717-B929-747A84F32443}.Release|Any CPU.ActiveCfg = Release|Any CPU
		{44E4BD19-458D-4717-B929-747A84F32443}.Release|Any CPU.Build.0 = Release|Any CPU
		{79A14453-15E7-4471-A99D-195C4155E81F}.Debug|Any CPU.ActiveCfg = Debug|Any CPU
		{79A14453-15E7-4471-A99D-195C4155E81F}.Debug|Any CPU.Build.0 = Debug|Any CPU
		{79A14453-15E7-4471-A99D-195C4155E81F}.Release|Any CPU.ActiveCfg = Release|Any CPU
		{79A14453-15E7-4471-A99D-195C4155E81F}.Release|Any CPU.Build.0 = Release|Any CPU
		{0B7124B4-B611-4822-85F1-039F314AF745}.Debug|Any CPU.ActiveCfg = Debug|Any CPU
		{0B7124B4-B611-4822-85F1-039F314AF745}.Debug|Any CPU.Build.0 = Debug|Any CPU
		{0B7124B4-B611-4822-85F1-039F314AF745}.Release|Any CPU.ActiveCfg = Release|Any CPU
		{0B7124B4-B611-4822-85F1-039F314AF745}.Release|Any CPU.Build.0 = Release|Any CPU
		{CF924546-CEF5-4F7A-B5C6-A708E5F8E670}.Debug|Any CPU.ActiveCfg = Debug|Any CPU
		{CF924546-CEF5-4F7A-B5C6-A708E5F8E670}.Debug|Any CPU.Build.0 = Debug|Any CPU
		{CF924546-CEF5-4F7A-B5C6-A708E5F8E670}.Release|Any CPU.ActiveCfg = Release|Any CPU
		{CF924546-CEF5-4F7A-B5C6-A708E5F8E670}.Release|Any CPU.Build.0 = Release|Any CPU
		{F298B4DF-382A-4529-8C20-732438DC7E3D}.Debug|Any CPU.ActiveCfg = Debug|Any CPU
		{F298B4DF-382A-4529-8C20-732438DC7E3D}.Debug|Any CPU.Build.0 = Debug|Any CPU
		{F298B4DF-382A-4529-8C20-732438DC7E3D}.Release|Any CPU.ActiveCfg = Release|Any CPU
		{F298B4DF-382A-4529-8C20-732438DC7E3D}.Release|Any CPU.Build.0 = Release|Any CPU
		{89D779DE-1A22-4894-8E92-16B6D0291219}.Debug|Any CPU.ActiveCfg = Debug|Any CPU
		{89D779DE-1A22-4894-8E92-16B6D0291219}.Debug|Any CPU.Build.0 = Debug|Any CPU
		{89D779DE-1A22-4894-8E92-16B6D0291219}.Release|Any CPU.ActiveCfg = Release|Any CPU
		{89D779DE-1A22-4894-8E92-16B6D0291219}.Release|Any CPU.Build.0 = Release|Any CPU
		{EB8DCC8F-77EB-498B-A662-6A79A6DF4F13}.Debug|Any CPU.ActiveCfg = Debug|Any CPU
		{EB8DCC8F-77EB-498B-A662-6A79A6DF4F13}.Debug|Any CPU.Build.0 = Debug|Any CPU
		{EB8DCC8F-77EB-498B-A662-6A79A6DF4F13}.Release|Any CPU.ActiveCfg = Release|Any CPU
		{EB8DCC8F-77EB-498B-A662-6A79A6DF4F13}.Release|Any CPU.Build.0 = Release|Any CPU
		{5D5C7825-97B5-463A-A8D5-ED7A4C2B8D32}.Debug|Any CPU.ActiveCfg = Debug|Any CPU
		{5D5C7825-97B5-463A-A8D5-ED7A4C2B8D32}.Debug|Any CPU.Build.0 = Debug|Any CPU
		{5D5C7825-97B5-463A-A8D5-ED7A4C2B8D32}.Release|Any CPU.ActiveCfg = Release|Any CPU
		{5D5C7825-97B5-463A-A8D5-ED7A4C2B8D32}.Release|Any CPU.Build.0 = Release|Any CPU
		{AF63B854-405A-4A3A-BD3C-93D88C903B92}.Debug|Any CPU.ActiveCfg = Debug|Any CPU
		{AF63B854-405A-4A3A-BD3C-93D88C903B92}.Debug|Any CPU.Build.0 = Debug|Any CPU
		{AF63B854-405A-4A3A-BD3C-93D88C903B92}.Release|Any CPU.ActiveCfg = Release|Any CPU
		{AF63B854-405A-4A3A-BD3C-93D88C903B92}.Release|Any CPU.Build.0 = Release|Any CPU
		{BA91EFBC-7DAC-4AA3-BC23-AFDF4860ACEA}.Debug|Any CPU.ActiveCfg = Debug|Any CPU
		{BA91EFBC-7DAC-4AA3-BC23-AFDF4860ACEA}.Debug|Any CPU.Build.0 = Debug|Any CPU
		{BA91EFBC-7DAC-4AA3-BC23-AFDF4860ACEA}.Release|Any CPU.ActiveCfg = Release|Any CPU
		{BA91EFBC-7DAC-4AA3-BC23-AFDF4860ACEA}.Release|Any CPU.Build.0 = Release|Any CPU
		{1A862A62-FE9A-4E92-8197-7895C78B10A1}.Debug|Any CPU.ActiveCfg = Debug|Any CPU
		{1A862A62-FE9A-4E92-8197-7895C78B10A1}.Debug|Any CPU.Build.0 = Debug|Any CPU
		{1A862A62-FE9A-4E92-8197-7895C78B10A1}.Release|Any CPU.ActiveCfg = Release|Any CPU
		{1A862A62-FE9A-4E92-8197-7895C78B10A1}.Release|Any CPU.Build.0 = Release|Any CPU
		{B1A077C8-1433-4DB7-989D-9F0165FC28A4}.Debug|Any CPU.ActiveCfg = Debug|Any CPU
		{B1A077C8-1433-4DB7-989D-9F0165FC28A4}.Debug|Any CPU.Build.0 = Debug|Any CPU
		{B1A077C8-1433-4DB7-989D-9F0165FC28A4}.Release|Any CPU.ActiveCfg = Release|Any CPU
		{B1A077C8-1433-4DB7-989D-9F0165FC28A4}.Release|Any CPU.Build.0 = Release|Any CPU
	EndGlobalSection
	GlobalSection(SolutionProperties) = preSolution
		HideSolutionNode = FALSE
	EndGlobalSection
EndGlobal
