
Microsoft Visual Studio Solution File, Format Version 12.00
# Visual Studio 15
VisualStudioVersion = 15.0.26430.14
MinimumVisualStudioVersion = 10.0.40219.1
Project("{FAE04EC0-301F-11D3-BF4B-00C04F79EFBC}") = "Color Chooser", "Color Chooser\Color Chooser.csproj", "{B4B90B2D-81F2-4DFF-AB52-E8C2BE4DEEA7}"
EndProject
Global
	GlobalSection(SolutionConfigurationPlatforms) = preSolution
		Debug|Any CPU = Debug|Any CPU
		Release|Any CPU = Release|Any CPU
	EndGlobalSection
	GlobalSection(ProjectConfigurationPlatforms) = postSolution
		{B4B90B2D-81F2-4DFF-AB52-E8C2BE4DEEA7}.Debug|Any CPU.ActiveCfg = Debug|Any CPU
		{B4B90B2D-81F2-4DFF-AB52-E8C2BE4DEEA7}.Debug|Any CPU.Build.0 = Debug|Any CPU
		{B4B90B2D-81F2-4DFF-AB52-E8C2BE4DEEA7}.Release|Any CPU.ActiveCfg = Release|Any CPU
		{B4B90B2D-81F2-4DFF-AB52-E8C2BE4DEEA7}.Release|Any CPU.Build.0 = Release|Any CPU
	EndGlobalSection
	GlobalSection(SolutionProperties) = preSolution
		HideSolutionNode = FALSE
	EndGlobalSection
EndGlobal
