
Microsoft Visual Studio Solution File, Format Version 12.00
# Visual Studio 15
VisualStudioVersion = 15.0.27130.2027
MinimumVisualStudioVersion = 10.0.40219.1
Project("{FAE04EC0-301F-11D3-BF4B-00C04F79EFBC}") = "ExpenseIt", "ExpenseIt\ExpenseIt.csproj", "{AA58DC35-33DB-4C37-9CCF-28869E33777E}"
EndProject
Global
	GlobalSection(SolutionConfigurationPlatforms) = preSolution
		Debug|Any CPU = Debug|Any CPU
		Release|Any CPU = Release|Any CPU
	EndGlobalSection
	GlobalSection(ProjectConfigurationPlatforms) = postSolution
		{AA58DC35-33DB-4C37-9CCF-28869E33777E}.Debug|Any CPU.ActiveCfg = Debug|Any CPU
		{AA58DC35-33DB-4C37-9CCF-28869E33777E}.Debug|Any CPU.Build.0 = Debug|Any CPU
		{AA58DC35-33DB-4C37-9CCF-28869E33777E}.Release|Any CPU.ActiveCfg = Release|Any CPU
		{AA58DC35-33DB-4C37-9CCF-28869E33777E}.Release|Any CPU.Build.0 = Release|Any CPU
	EndGlobalSection
	GlobalSection(SolutionProperties) = preSolution
		HideSolutionNode = FALSE
	EndGlobalSection
	GlobalSection(ExtensibilityGlobals) = postSolution
		SolutionGuid = {DDA4E021-9262-4C05-89CE-7537F59FB774}
	EndGlobalSection
EndGlobal
